{
  "version": 4,
  "terraform_version": "0.12.8",
  "serial": 49,
  "lineage": "3234da7c-cf8e-1716-7b54-25186251069a",
  "outputs": {},
  "resources": [
    {
      "mode": "managed",
      "type": "aws_instance",
      "name": "development",
      "provider": "provider.aws",
      "instances": [
        {
          "status": "tainted",
          "schema_version": 1,
          "attributes": {
            "ami": "ami-08a648fb5cc86fb74",
            "arn": "arn:aws:ec2:ap-southeast-2:089656430107:instance/i-0a96939a39f149b0a",
            "associate_public_ip_address": true,
            "availability_zone": "ap-southeast-2a",
            "cpu_core_count": 1,
            "cpu_threads_per_core": 1,
            "credit_specification": [
              {
                "cpu_credits": "standard"
              }
            ],
            "disable_api_termination": false,
            "ebs_block_device": [
              {
                "delete_on_termination": true,
                "device_name": "/dev/sdg",
                "encrypted": false,
                "iops": 100,
                "kms_key_id": "",
                "snapshot_id": "",
                "volume_id": "vol-02be6ad97d8b6e812",
                "volume_size": 30,
                "volume_type": "gp2"
              }
            ],
            "ebs_optimized": false,
            "ephemeral_block_device": [],
            "get_password_data": false,
            "host_id": null,
            "iam_instance_profile": "",
            "id": "i-0a96939a39f149b0a",
            "instance_initiated_shutdown_behavior": null,
            "instance_state": "running",
            "instance_type": "t2.micro",
            "ipv6_address_count": 0,
            "ipv6_addresses": [],
            "key_name": "dev-login",
            "monitoring": false,
            "network_interface": [],
            "network_interface_id": null,
            "password_data": "",
            "placement_group": "",
            "primary_network_interface_id": "eni-03b69ef66b8510417",
            "private_dns": "ip-172-31-17-52.ap-southeast-2.compute.internal",
            "private_ip": "172.31.17.52",
            "public_dns": "ec2-13-210-246-224.ap-southeast-2.compute.amazonaws.com",
            "public_ip": "13.210.246.224",
            "root_block_device": [
              {
                "delete_on_termination": true,
                "encrypted": false,
                "iops": 100,
                "kms_key_id": "",
                "volume_id": "vol-072bf57f9a9a1c51e",
                "volume_size": 8,
                "volume_type": "gp2"
              }
            ],
            "security_groups": [
              "default-egress-tls-example",
              "default-ping-example",
              "default-ssh-example",
              "default-web-example"
            ],
            "source_dest_check": true,
            "subnet_id": "subnet-f1b77f95",
            "tags": null,
            "tenancy": "default",
            "timeouts": null,
            "user_data": null,
            "user_data_base64": null,
            "volume_tags": {},
            "vpc_security_group_ids": [
              "sg-0612f88f01b8b5ca5",
              "sg-0695a09ac1869a0c7",
              "sg-0a66bdcc46e1500f6",
              "sg-0d6ff118eb8cb66f3"
            ]
          },
          "private": "eyJlMmJmYjczMC1lY2FhLTExZTYtOGY4OC0zNDM2M2JjN2M0YzAiOnsiY3JlYXRlIjo2MDAwMDAwMDAwMDAsImRlbGV0ZSI6MTIwMDAwMDAwMDAwMCwidXBkYXRlIjo2MDAwMDAwMDAwMDB9LCJzY2hlbWFfdmVyc2lvbiI6IjEifQ==",
          "depends_on": [
            "aws_security_group.egress-tls",
            "aws_security_group.ping-ICMP",
            "aws_security_group.ssh",
            "aws_security_group.web"
          ]
        }
      ]
    },
    {
      "mode": "managed",
      "type": "aws_key_pair",
      "name": "key",
      "provider": "provider.aws",
      "instances": [
        {
          "schema_version": 1,
          "attributes": {
            "fingerprint": "ef:34:df:f4:3d:f0:af:36:89:41:47:51:ea:6b:4b:36",
            "id": "dev-login",
            "key_name": "dev-login",
            "key_name_prefix": null,
            "public_key": "ssh-rsa AAAAB3NzaC1yc2EAAAADAQABAAACAQDmXVbI12xoVzoIbZFmKChRHMFDiXuNTvFVUPBc82WgY2xT5sFL8qK81acP2Y0+AXQA7KSIvZt+wzjeNXsAN0c5AwKtIgK9XDYHfq47ajQDJunWp4+LzptRVblD807wiSQGux9TC5ohxPey99yoQZHWC3xYLdbBVmdHUokmmr5NJ2UXwxXCQaIMA7VhPyAY3hiEIENbXHHAsyvRbmUM/WN/0/NGoSuJJ+JS8t/9nvhJsTjLIdYHKmGvhP+pK+yUX0wE8UpYGuNznV9kLZt6urG0OXYYW6QxBHbjA0+tfmiSPBrErpC2L4cxadCGtCYzNl5p+k6l9GvMtH7KS6BWDxCdsZhR3EAtHof1DiW16xHiMCoT51ymzqxYTsQsUF/JLBQuzx2HBQTFgV48ogtyT39y5/01vfQStRtib9ubgldaDbLWZOUJ8P6HXkhgw+I3dywX7I2kyBwab3gRGgRpP0dM7WDYNO1HvLcyIbfYf5Jsx0cxMLxmOBgH7BFEMhrL5OwOgf8YgEjoSOheTW0AZyoAXo32zvMnL8KAPq2iAVWDBomPAxB5LByl0TKvc/b3XiYNdVv/6MhSgeOBd4lZWOz3HwdiM+x/RqB85R19Q2HakpbmyfkBfjAdf14xHiQ3sGfGdrhXQbhu2dRz6kd4JGYyaf++WztN9LJ6nPxWmVx2IQ== paulcolusso@gmail.com"
          },
          "private": "eyJzY2hlbWFfdmVyc2lvbiI6IjEifQ=="
        }
      ]
    },
    {
      "mode": "managed",
      "type": "aws_security_group",
      "name": "egress-tls",
      "provider": "provider.aws",
      "instances": [
        {
          "schema_version": 1,
          "attributes": {
            "arn": "arn:aws:ec2:ap-southeast-2:089656430107:security-group/sg-0612f88f01b8b5ca5",
            "description": "Default security group that allows inbound and outbound traffic from all instances in the VPC",
            "egress": [
              {
                "cidr_blocks": [
                  "0.0.0.0/0"
                ],
                "description": "",
                "from_port": 0,
                "ipv6_cidr_blocks": [],
                "prefix_list_ids": [],
                "protocol": "-1",
                "security_groups": [],
                "self": false,
                "to_port": 0
              }
            ],
            "id": "sg-0612f88f01b8b5ca5",
            "ingress": [],
            "name": "default-egress-tls-example",
            "name_prefix": null,
            "owner_id": "089656430107",
            "revoke_rules_on_delete": false,
            "tags": {
              "Name": "egress-tls-default-vpc"
            },
            "timeouts": null,
            "vpc_id": "vpc-4a24292f"
          },
          "private": "eyJlMmJmYjczMC1lY2FhLTExZTYtOGY4OC0zNDM2M2JjN2M0YzAiOnsiY3JlYXRlIjo2MDAwMDAwMDAwMDAsImRlbGV0ZSI6NjAwMDAwMDAwMDAwfSwic2NoZW1hX3ZlcnNpb24iOiIxIn0="
        }
      ]
    },
    {
      "mode": "managed",
      "type": "aws_security_group",
      "name": "ping-ICMP",
      "provider": "provider.aws",
      "instances": [
        {
          "schema_version": 1,
          "attributes": {
            "arn": "arn:aws:ec2:ap-southeast-2:089656430107:security-group/sg-0695a09ac1869a0c7",
            "description": "Default security group that allows to ping the instance",
            "egress": [],
            "id": "sg-0695a09ac1869a0c7",
            "ingress": [
              {
                "cidr_blocks": [
                  "0.0.0.0/0"
                ],
                "description": "",
                "from_port": -1,
                "ipv6_cidr_blocks": [
                  "::/0"
                ],
                "prefix_list_ids": [],
                "protocol": "icmp",
                "security_groups": [],
                "self": false,
                "to_port": -1
              }
            ],
            "name": "default-ping-example",
            "name_prefix": null,
            "owner_id": "089656430107",
            "revoke_rules_on_delete": false,
            "tags": {
              "Name": "ping-ICMP-default-vpc"
            },
            "timeouts": null,
            "vpc_id": "vpc-4a24292f"
          },
          "private": "eyJlMmJmYjczMC1lY2FhLTExZTYtOGY4OC0zNDM2M2JjN2M0YzAiOnsiY3JlYXRlIjo2MDAwMDAwMDAwMDAsImRlbGV0ZSI6NjAwMDAwMDAwMDAwfSwic2NoZW1hX3ZlcnNpb24iOiIxIn0="
        }
      ]
    },
    {
      "mode": "managed",
      "type": "aws_security_group",
      "name": "ssh",
      "provider": "provider.aws",
      "instances": [
        {
          "schema_version": 1,
          "attributes": {
            "arn": "arn:aws:ec2:ap-southeast-2:089656430107:security-group/sg-0d6ff118eb8cb66f3",
            "description": "Security group for nat instances that allows SSH and VPN traffic from internet",
            "egress": [],
            "id": "sg-0d6ff118eb8cb66f3",
            "ingress": [
              {
                "cidr_blocks": [
                  "0.0.0.0/0"
                ],
                "description": "",
                "from_port": 22,
                "ipv6_cidr_blocks": [],
                "prefix_list_ids": [],
                "protocol": "tcp",
                "security_groups": [],
                "self": false,
                "to_port": 22
              }
            ],
            "name": "default-ssh-example",
            "name_prefix": null,
            "owner_id": "089656430107",
            "revoke_rules_on_delete": false,
            "tags": {
              "Name": "ssh-default-vpc"
            },
            "timeouts": null,
            "vpc_id": "vpc-4a24292f"
          },
          "private": "eyJlMmJmYjczMC1lY2FhLTExZTYtOGY4OC0zNDM2M2JjN2M0YzAiOnsiY3JlYXRlIjo2MDAwMDAwMDAwMDAsImRlbGV0ZSI6NjAwMDAwMDAwMDAwfSwic2NoZW1hX3ZlcnNpb24iOiIxIn0="
        }
      ]
    },
    {
      "mode": "managed",
      "type": "aws_security_group",
      "name": "web",
      "provider": "provider.aws",
      "instances": [
        {
          "schema_version": 1,
          "attributes": {
            "arn": "arn:aws:ec2:ap-southeast-2:089656430107:security-group/sg-0a66bdcc46e1500f6",
            "description": "Security group for web that allows web traffic from internet",
            "egress": [],
            "id": "sg-0a66bdcc46e1500f6",
            "ingress": [
              {
                "cidr_blocks": [
                  "0.0.0.0/0"
                ],
                "description": "",
                "from_port": 443,
                "ipv6_cidr_blocks": [],
                "prefix_list_ids": [],
                "protocol": "tcp",
                "security_groups": [],
                "self": false,
                "to_port": 443
              },
              {
                "cidr_blocks": [
                  "0.0.0.0/0"
                ],
                "description": "",
                "from_port": 80,
                "ipv6_cidr_blocks": [],
                "prefix_list_ids": [],
                "protocol": "tcp",
                "security_groups": [],
                "self": false,
                "to_port": 80
              }
            ],
            "name": "default-web-example",
            "name_prefix": null,
            "owner_id": "089656430107",
            "revoke_rules_on_delete": false,
            "tags": {
              "Name": "web-default-vpc"
            },
            "timeouts": null,
            "vpc_id": "vpc-4a24292f"
          },
          "private": "eyJlMmJmYjczMC1lY2FhLTExZTYtOGY4OC0zNDM2M2JjN2M0YzAiOnsiY3JlYXRlIjo2MDAwMDAwMDAwMDAsImRlbGV0ZSI6NjAwMDAwMDAwMDAwfSwic2NoZW1hX3ZlcnNpb24iOiIxIn0="
        }
      ]
    }
  ]
}
